<?xml version="1.0" encoding="utf-8"?>
<Project ToolsVersion="4.0" xmlns="http://schemas.microsoft.com/developer/msbuild/2003">
  <ItemGroup>
    <Filter Include="Source Files">
      <UniqueIdentifier>{4FC737F1-C7A5-4376-A066-2A32D752A2FF}</UniqueIdentifier>
      <Extensions>cpp;c;cc;cxx;c++;cppm;ixx;def;odl;idl;hpj;bat;asm;asmx</Extensions>
    </Filter>
    <Filter Include="Header Files">
      <UniqueIdentifier>{93995380-89BD-4b04-88EB-625FBE52EBFB}</UniqueIdentifier>
      <Extensions>h;hh;hpp;hxx;h++;hm;inl;inc;ipp;xsd</Extensions>
    </Filter>
    <Filter Include="Resource Files">
      <UniqueIdentifier>{67DA6AB6-F800-4c08-8B7A-83BB121AAD01}</UniqueIdentifier>
      <Extensions>rc;ico;cur;bmp;dlg;rc2;rct;bin;rgs;gif;jpg;jpeg;jpe;resx;tiff;tif;png;wav;mfcribbon-ms</Extensions>
    </Filter>
  </ItemGroup>
  <ItemGroup>
    <ClCompile Include="Problem2.1_Multiplication_Table_1To10.cpp">
      <Filter>Source Files</Filter>
    </ClCompile>
    <ClCompile Include="Problem2.2_PrintAllPrime_Numbers_From1ToN.cpp">
      <Filter>Source Files</Filter>
    </ClCompile>
    <ClCompile Include="Problem2.3_Perfect_Number.cpp">
      <Filter>Source Files</Filter>
    </ClCompile>
    <ClCompile Include="Problem2.4_Perfect_Number_From1ToN.cpp">
      <Filter>Source Files</Filter>
    </ClCompile>
    <ClCompile Include="Problem2.5_Print_Digits_InReverse_Order.cpp">
      <Filter>Source Files</Filter>
    </ClCompile>
    <ClCompile Include="Problem2.6_Sum_OF_Digits.cpp">
      <Filter>Source Files</Filter>
    </ClCompile>
    <ClCompile Include="PRoblem2.7_Reverse_Number.cpp">
      <Filter>Source Files</Filter>
    </ClCompile>
    <ClCompile Include="Problem2.8_Digit_Frequency.cpp">
      <Filter>Source Files</Filter>
    </ClCompile>
    <ClCompile Include="Problem2.9_Digit_Frequency.cpp">
      <Filter>Source Files</Filter>
    </ClCompile>
    <ClCompile Include="Problem2.10_PrintDigits_InOrder.cpp">
      <Filter>Source Files</Filter>
    </ClCompile>
    <ClCompile Include="Problem2.11_Palindrome_Numbers.cpp">
      <Filter>Source Files</Filter>
    </ClCompile>
    <ClCompile Include="Problem2.12_Inverted_Number_Pattern.cpp">
      <Filter>Source Files</Filter>
    </ClCompile>
    <ClCompile Include="Problem2.13_Number_Pattern.cpp">
      <Filter>Source Files</Filter>
    </ClCompile>
    <ClCompile Include="Problem2.14_Inverted_Letter_Pattern.cpp">
      <Filter>Source Files</Filter>
    </ClCompile>
    <ClCompile Include="Problem2.15_Letter_Pattern.cpp">
      <Filter>Source Files</Filter>
    </ClCompile>
    <ClCompile Include="Problem2.16_All_Words_FromAAAToZZZ.cpp">
      <Filter>Source Files</Filter>
    </ClCompile>
    <ClCompile Include="Problem2.17_Guess_AThree_Letter_Password.cpp">
      <Filter>Source Files</Filter>
    </ClCompile>
    <ClCompile Include="Problem2.18_EncryptDiscrypt_Text.cpp">
      <Filter>Source Files</Filter>
    </ClCompile>
    <ClCompile Include="Problem2.19_Random3_Numbers_FRom1To10.cpp">
      <Filter>Source Files</Filter>
    </ClCompile>
    <ClCompile Include="Problem2.20_RandomSmallLetterCapitalLetterSpecialCandDigitinorder.cpp">
      <Filter>Source Files</Filter>
    </ClCompile>
    <ClCompile Include="Problem2.21_Generate_Keys.cpp">
      <Filter>Source Files</Filter>
    </ClCompile>
    <ClCompile Include="Problem2.22_RepeatedElementsCountInArray.cpp">
      <Filter>Source Files</Filter>
    </ClCompile>
    <ClCompile Include="Problem2.23_FillArraywithrandomnumbersfrom1to100.cpp">
      <Filter>Source Files</Filter>
    </ClCompile>
    <ClCompile Include="Problem2.24_MaxofRandomArray.cpp">
      <Filter>Source Files</Filter>
    </ClCompile>
    <ClCompile Include="Problem2.25_MinOfRandomArray.cpp">
      <Filter>Source Files</Filter>
    </ClCompile>
    <ClCompile Include="Problem2.26_SumofRandomArray.cpp">
      <Filter>Source Files</Filter>
    </ClCompile>
    <ClCompile Include="Problem2.27_AverageOfRandomArray.cpp">
      <Filter>Source Files</Filter>
    </ClCompile>
    <ClCompile Include="Problem2.28_CopyArray.cpp">
      <Filter>Source Files</Filter>
    </ClCompile>
    <ClCompile Include="Problem2.29_CopyOnlyPrimeNumbers.cpp">
      <Filter>Source Files</Filter>
    </ClCompile>
    <ClCompile Include="Problem2.30_Sum_of2_arrays_to_thirdOne.cpp">
      <Filter>Source Files</Filter>
    </ClCompile>
    <ClCompile Include="Problem2.31_ShuffleOrderedArray.cpp">
      <Filter>Source Files</Filter>
    </ClCompile>
    <ClCompile Include="Problem2.32_CopyArrayInReverseOrder.cpp">
      <Filter>Source Files</Filter>
    </ClCompile>
    <ClCompile Include="Problem2.33_FillArrayWithKeys.cpp">
      <Filter>Source Files</Filter>
    </ClCompile>
    <ClCompile Include="Problem2.34ReturnNumberIndexInArray.cpp">
      <Filter>Source Files</Filter>
    </ClCompile>
    <ClCompile Include="Problem2.35_CheckNumberInArray.cpp">
      <Filter>Source Files</Filter>
    </ClCompile>
    <ClCompile Include="Problem2.36_AddArrayElementSimeDynamic.cpp">
      <Filter>Source Files</Filter>
    </ClCompile>
    <ClCompile Include="Problem2.37_Resolve؛roblem28\Problem2.37_2CopyArrayUsingAddArrayElement.cpp">
      <Filter>Source Files</Filter>
    </ClCompile>
    <ClCompile Include="Problem2.38_CopyOddNumbersToANewArray.cpp">
      <Filter>Source Files</Filter>
    </ClCompile>
    <ClCompile Include="Problem2.39_CopyPrimeNumbersToANewArray.cpp">
      <Filter>Source Files</Filter>
    </ClCompile>
    <ClCompile Include="Problem2.40_CopyDistinctNumbersToArray.cpp">
      <Filter>Source Files</Filter>
    </ClCompile>
    <ClCompile Include="Problem2.41_IsPalindromeArray.cpp">
      <Filter>Source Files</Filter>
    </ClCompile>
    <ClCompile Include="Problem2.42_CountOddNumbersInArray.cpp">
      <Filter>Source Files</Filter>
    </ClCompile>
    <ClCompile Include="Problem2.43_CountEvenNumbersInArray.cpp">
      <Filter>Source Files</Filter>
    </ClCompile>
    <ClCompile Include="Problem2.44_CountPositiveNumbersInArray.cpp">
      <Filter>Source Files</Filter>
    </ClCompile>
    <ClCompile Include="Problem2.45_CountNegativeNumbesInArray.cpp">
      <Filter>Source Files</Filter>
    </ClCompile>
    <ClCompile Include="Problem2.46_MyABS.cpp">
      <Filter>Source Files</Filter>
    </ClCompile>
    <ClCompile Include="Problem2.47_MyRound.cpp">
      <Filter>Source Files</Filter>
    </ClCompile>
    <ClCompile Include="Problem2.48MyFloor.cpp">
      <Filter>Source Files</Filter>
    </ClCompile>
    <ClCompile Include="Problem2.49_MyCeil.cpp">
      <Filter>Source Files</Filter>
    </ClCompile>
    <ClCompile Include="Problem2.50_MySqrt.cpp">
      <Filter>Source Files</Filter>
    </ClCompile>
    <ClCompile Include="Project1_Stone_Paper_Scissor.cpp">
      <Filter>Source Files</Filter>
    </ClCompile>
    <ClCompile Include="Project1_Stone_Paper_Scissor_MySolution.cpp">
      <Filter>Source Files</Filter>
    </ClCompile>
    <ClCompile Include="Project2_Math_Game.cpp">
      <Filter>Source Files</Filter>
    </ClCompile>
  </ItemGroup>
</Project>