<?xml version="1.0" encoding="utf-8"?>
<Project ToolsVersion="4.0" xmlns="http://schemas.microsoft.com/developer/msbuild/2003">
  <ItemGroup>
    <Filter Include="Source Files">
      <UniqueIdentifier>{4FC737F1-C7A5-4376-A066-2A32D752A2FF}</UniqueIdentifier>
      <Extensions>cpp;c;cc;cxx;c++;cppm;ixx;def;odl;idl;hpj;bat;asm;asmx</Extensions>
    </Filter>
    <Filter Include="Header Files">
      <UniqueIdentifier>{93995380-89BD-4b04-88EB-625FBE52EBFB}</UniqueIdentifier>
      <Extensions>h;hh;hpp;hxx;h++;hm;inl;inc;ipp;xsd</Extensions>
    </Filter>
    <Filter Include="Resource Files">
      <UniqueIdentifier>{67DA6AB6-F800-4c08-8B7A-83BB121AAD01}</UniqueIdentifier>
      <Extensions>rc;ico;cur;bmp;dlg;rc2;rct;bin;rgs;gif;jpg;jpeg;jpe;resx;tiff;tif;png;wav;mfcribbon-ms</Extensions>
    </Filter>
  </ItemGroup>
  <ItemGroup>
    <ClCompile Include="Problem2.1_Multiplication_Table_1To10.cpp">
      <Filter>Source Files</Filter>
    </ClCompile>
    <ClCompile Include="Problem2.2_PrintAllPrime_Numbers_From1ToN.cpp">
      <Filter>Source Files</Filter>
    </ClCompile>
    <ClCompile Include="Problem2.3_Perfect_Number.cpp">
      <Filter>Source Files</Filter>
    </ClCompile>
    <ClCompile Include="Problem2.4_Perfect_Number_From1ToN.cpp">
      <Filter>Source Files</Filter>
    </ClCompile>
    <ClCompile Include="Problem2.5_Print_Digits_InReverse_Order.cpp">
      <Filter>Source Files</Filter>
    </ClCompile>
    <ClCompile Include="Problem2.6_Sum_OF_Digits.cpp">
      <Filter>Source Files</Filter>
    </ClCompile>
    <ClCompile Include="PRoblem2.7_Reverse_Number.cpp">
      <Filter>Source Files</Filter>
    </ClCompile>
    <ClCompile Include="Problem2.8_Digit_Frequency.cpp">
      <Filter>Source Files</Filter>
    </ClCompile>
    <ClCompile Include="Problem2.9_Digit_Frequency.cpp">
      <Filter>Source Files</Filter>
    </ClCompile>
    <ClCompile Include="Problem2.10_PrintDigits_InOrder.cpp">
      <Filter>Source Files</Filter>
    </ClCompile>
    <ClCompile Include="Problem2.11_Palindrome_Numbers.cpp">
      <Filter>Source Files</Filter>
    </ClCompile>
    <ClCompile Include="Problem2.12_Inverted_Number_Pattern.cpp">
      <Filter>Source Files</Filter>
    </ClCompile>
    <ClCompile Include="Problem2.13_Number_Pattern.cpp">
      <Filter>Source Files</Filter>
    </ClCompile>
    <ClCompile Include="Problem2.14_Inverted_Letter_Pattern.cpp">
      <Filter>Source Files</Filter>
    </ClCompile>
    <ClCompile Include="Problem2.15_Letter_Pattern.cpp">
      <Filter>Source Files</Filter>
    </ClCompile>
    <ClCompile Include="Problem16_All_Words_FromAAAToZZZ.cpp">
      <Filter>Source Files</Filter>
    </ClCompile>
    <ClCompile Include="Problem17_Guess_AThree_Letter_Password.cpp">
      <Filter>Source Files</Filter>
    </ClCompile>
    <ClCompile Include="Problem18_EncryptDiscrypt_Text.cpp">
      <Filter>Source Files</Filter>
    </ClCompile>
    <ClCompile Include="Problem19_Random3_Numbers_FRom1To10.cpp">
      <Filter>Source Files</Filter>
    </ClCompile>
    <ClCompile Include="Problem20_RandomSmallLetterCapitalLetterSpecialCandDigitinorder.cpp">
      <Filter>Source Files</Filter>
    </ClCompile>
    <ClCompile Include="Problem21_Generate_Keys.cpp">
      <Filter>Source Files</Filter>
    </ClCompile>
    <ClCompile Include="Problem22_RepeatedElementsCountInArray.cpp">
      <Filter>Source Files</Filter>
    </ClCompile>
    <ClCompile Include="Problem23_FillArraywithrandomnumbersfrom1to100.cpp">
      <Filter>Source Files</Filter>
    </ClCompile>
    <ClCompile Include="Problem24_MaxofRandomArray.cpp">
      <Filter>Source Files</Filter>
    </ClCompile>
    <ClCompile Include="Problem25_MinOfRandomArray.cpp">
      <Filter>Source Files</Filter>
    </ClCompile>
    <ClCompile Include="Problem26_SumofRandomArray.cpp">
      <Filter>Source Files</Filter>
    </ClCompile>
    <ClCompile Include="Problem27_AverageOfRandomArray.cpp">
      <Filter>Source Files</Filter>
    </ClCompile>
    <ClCompile Include="Problem28_CopyArray.cpp">
      <Filter>Source Files</Filter>
    </ClCompile>
    <ClCompile Include="Problem29_CopyOnlyPrimeNumbers.cpp">
      <Filter>Source Files</Filter>
    </ClCompile>
    <ClCompile Include="Problem30_Sum_of2_arrays_to_thirdOne.cpp">
      <Filter>Source Files</Filter>
    </ClCompile>
    <ClCompile Include="Problem31_ShuffleOrderedArray.cpp">
      <Filter>Source Files</Filter>
    </ClCompile>
    <ClCompile Include="Problem32_CopyArrayInReverseOrder.cpp">
      <Filter>Source Files</Filter>
    </ClCompile>
    <ClCompile Include="Problem33_FillArrayWithKeys.cpp">
      <Filter>Source Files</Filter>
    </ClCompile>
  </ItemGroup>
</Project>